
Microsoft Visual Studio Solution File, Format Version 12.00
# Visual Studio Version 16
VisualStudioVersion = 16.0.31729.503
MinimumVisualStudioVersion = 10.0.40219.1
Project("{FAE04EC0-301F-11D3-BF4B-00C04F79EFBC}") = "Cardos_Dan_Lab8", "Cardos_Dan_Lab8.csproj", "{55E579F7-DE00-4790-9806-ED1FAB25B7B0}"
EndProject
Global
	GlobalSection(SolutionConfigurationPlatforms) = preSolution
		Debug|Any CPU = Debug|Any CPU
		Release|Any CPU = Release|Any CPU
	EndGlobalSection
	GlobalSection(ProjectConfigurationPlatforms) = postSolution
		{55E579F7-DE00-4790-9806-ED1FAB25B7B0}.Debug|Any CPU.ActiveCfg = Debug|Any CPU
		{55E579F7-DE00-4790-9806-ED1FAB25B7B0}.Debug|Any CPU.Build.0 = Debug|Any CPU
		{55E579F7-DE00-4790-9806-ED1FAB25B7B0}.Release|Any CPU.ActiveCfg = Release|Any CPU
		{55E579F7-DE00-4790-9806-ED1FAB25B7B0}.Release|Any CPU.Build.0 = Release|Any CPU
	EndGlobalSection
	GlobalSection(SolutionProperties) = preSolution
		HideSolutionNode = FALSE
	EndGlobalSection
	GlobalSection(ExtensibilityGlobals) = postSolution
		SolutionGuid = {69C32F15-5543-4C9E-AF8F-9EEC3AB25A92}
	EndGlobalSection
EndGlobal
